
Microsoft Visual Studio Solution File, Format Version 12.00
# Visual Studio 15
VisualStudioVersion = 15.0.28010.2046
MinimumVisualStudioVersion = 10.0.40219.1
Project("{FAE04EC0-301F-11D3-BF4B-00C04F79EFBC}") = "learn", "learn\learn.csproj", "{F65368F7-2B49-4631-B621-1CDDCB0BC485}"
EndProject
Global
	GlobalSection(SolutionConfigurationPlatforms) = preSolution
		Debug|Any CPU = Debug|Any CPU
		Release|Any CPU = Release|Any CPU
	EndGlobalSection
	GlobalSection(ProjectConfigurationPlatforms) = postSolution
		{F65368F7-2B49-4631-B621-1CDDCB0BC485}.Debug|Any CPU.ActiveCfg = Debug|Any CPU
		{F65368F7-2B49-4631-B621-1CDDCB0BC485}.Debug|Any CPU.Build.0 = Debug|Any CPU
		{F65368F7-2B49-4631-B621-1CDDCB0BC485}.Release|Any CPU.ActiveCfg = Release|Any CPU
		{F65368F7-2B49-4631-B621-1CDDCB0BC485}.Release|Any CPU.Build.0 = Release|Any CPU
	EndGlobalSection
	GlobalSection(SolutionProperties) = preSolution
		HideSolutionNode = FALSE
	EndGlobalSection
	GlobalSection(ExtensibilityGlobals) = postSolution
		SolutionGuid = {8E265799-15AB-4E23-98D2-2BFF96DD9E62}
	EndGlobalSection
EndGlobal
